
Microsoft Visual Studio Solution File, Format Version 12.00
# Visual Studio 15
VisualStudioVersion = 15.0.26228.9
MinimumVisualStudioVersion = 10.0.40219.1
Project("{FAE04EC0-301F-11D3-BF4B-00C04F79EFBC}") = "DMCombatEncounterBuilder", "WindowsFormsApp1\DMCombatEncounterBuilder.csproj", "{616361F5-A258-4C1F-B31A-06AD48C183E5}"
EndProject
Global
	GlobalSection(SolutionConfigurationPlatforms) = preSolution
		Debug|Any CPU = Debug|Any CPU
		Release|Any CPU = Release|Any CPU
	EndGlobalSection
	GlobalSection(ProjectConfigurationPlatforms) = postSolution
		{616361F5-A258-4C1F-B31A-06AD48C183E5}.Debug|Any CPU.ActiveCfg = Debug|Any CPU
		{616361F5-A258-4C1F-B31A-06AD48C183E5}.Debug|Any CPU.Build.0 = Debug|Any CPU
		{616361F5-A258-4C1F-B31A-06AD48C183E5}.Release|Any CPU.ActiveCfg = Release|Any CPU
		{616361F5-A258-4C1F-B31A-06AD48C183E5}.Release|Any CPU.Build.0 = Release|Any CPU
	EndGlobalSection
	GlobalSection(SolutionProperties) = preSolution
		HideSolutionNode = FALSE
	EndGlobalSection
EndGlobal
